
Microsoft Visual Studio Solution File, Format Version 12.00
# Visual Studio Version 17
VisualStudioVersion = 17.2.32516.85
MinimumVisualStudioVersion = 10.0.40219.1
Project("{FAE04EC0-301F-11D3-BF4B-00C04F79EFBC}") = "AppiumSummator_DataDrivenTest", "AppiumSummator_DataDrivenTest\AppiumSummator_DataDrivenTest.csproj", "{AB020CF4-B20F-40F0-9E2A-A623AC493109}"
EndProject
Global
	GlobalSection(SolutionConfigurationPlatforms) = preSolution
		Debug|Any CPU = Debug|Any CPU
		Release|Any CPU = Release|Any CPU
	EndGlobalSection
	GlobalSection(ProjectConfigurationPlatforms) = postSolution
		{AB020CF4-B20F-40F0-9E2A-A623AC493109}.Debug|Any CPU.ActiveCfg = Debug|Any CPU
		{AB020CF4-B20F-40F0-9E2A-A623AC493109}.Debug|Any CPU.Build.0 = Debug|Any CPU
		{AB020CF4-B20F-40F0-9E2A-A623AC493109}.Release|Any CPU.ActiveCfg = Release|Any CPU
		{AB020CF4-B20F-40F0-9E2A-A623AC493109}.Release|Any CPU.Build.0 = Release|Any CPU
	EndGlobalSection
	GlobalSection(SolutionProperties) = preSolution
		HideSolutionNode = FALSE
	EndGlobalSection
	GlobalSection(ExtensibilityGlobals) = postSolution
		SolutionGuid = {F74D4297-34F0-4984-8F15-9D17C4FEE39E}
	EndGlobalSection
EndGlobal
